
Microsoft Visual Studio Solution File, Format Version 12.00
# Visual Studio Version 17
VisualStudioVersion = 17.5.33502.453
MinimumVisualStudioVersion = 10.0.40219.1
Project("{9A19103F-16F7-4668-BE54-9A1E7A4F7556}") = "LearnParallelProgrammingwithC#and.NETUdemy1", "LearnParallelProgrammingwithC#and.NETUdemy1\LearnParallelProgrammingwithC#and.NETUdemy1.csproj", "{95F41215-83B2-4B31-9AF4-B211C32E5C28}"
EndProject
Project("{9A19103F-16F7-4668-BE54-9A1E7A4F7556}") = "CancellingTask", "ConcellingTask\CancellingTask.csproj", "{BF18758A-83E4-46DD-A855-0EA1C974ED3D}"
EndProject
Project("{9A19103F-16F7-4668-BE54-9A1E7A4F7556}") = "WaitingForTimeToPass", "WaitingForTimeToPass\WaitingForTimeToPass.csproj", "{40324F26-03ED-4ED6-9E49-6DE244FE5CE5}"
EndProject
Project("{9A19103F-16F7-4668-BE54-9A1E7A4F7556}") = "WaitingForTasks", "WaitingForTasks\WaitingForTasks.csproj", "{AF135F1D-2246-40B5-9736-91976CFD1D14}"
EndProject
Project("{9A19103F-16F7-4668-BE54-9A1E7A4F7556}") = "ExceptionHandling", "ExceptionHandling\ExceptionHandling.csproj", "{EAA7057F-843E-4E0C-898C-2E02B6D166E8}"
EndProject
Project("{2150E333-8FDC-42A3-9474-1A3956D46DE8}") = "Solution Items", "Solution Items", "{BB8B900A-EDA6-4086-9AA3-822103D5D875}"
	ProjectSection(SolutionItems) = preProject
		SummaryTaskProgramming.txt = SummaryTaskProgramming.txt
	EndProjectSection
EndProject
Project("{2150E333-8FDC-42A3-9474-1A3956D46DE8}") = "Section1", "Section1", "{5C88C40A-6A6B-46DD-9B7F-6C90EC5B201B}"
EndProject
Project("{2150E333-8FDC-42A3-9474-1A3956D46DE8}") = "Section2", "Section2", "{638DC4BE-7C97-44CA-A655-F37A0932D19A}"
	ProjectSection(SolutionItems) = preProject
		Section2.txt = Section2.txt
	EndProjectSection
EndProject
Project("{9A19103F-16F7-4668-BE54-9A1E7A4F7556}") = "CriticalSections", "CriticalSections\CriticalSections.csproj", "{75B8B263-206A-4B55-83D3-781559FCAC5E}"
EndProject
Project("{9A19103F-16F7-4668-BE54-9A1E7A4F7556}") = "InterLocked", "InterLocked\InterLocked.csproj", "{AE6D217B-1CF9-4BD2-83AE-3EB1C182082D}"
EndProject
Project("{9A19103F-16F7-4668-BE54-9A1E7A4F7556}") = "SpinLocking", "SpinLocking\SpinLocking.csproj", "{E9611553-33F7-46A0-A251-CAAF8596C30A}"
EndProject
Project("{9A19103F-16F7-4668-BE54-9A1E7A4F7556}") = "LockRecursion", "LockRecursion\LockRecursion.csproj", "{4AD926A8-3839-4274-9C08-57CA8BA71835}"
EndProject
Project("{9A19103F-16F7-4668-BE54-9A1E7A4F7556}") = "MutexSection", "Mutex\MutexSection.csproj", "{72C877C4-12D3-44BA-8616-57D58DC9DD66}"
EndProject
Project("{9A19103F-16F7-4668-BE54-9A1E7A4F7556}") = "ConsoleApp3", "ConsoleApp3\ConsoleApp3.csproj", "{C8A71BCB-91D9-4564-A8C3-F86B40E14882}"
EndProject
Project("{FAE04EC0-301F-11D3-BF4B-00C04F79EFBC}") = "Read-Writer-Locks", "Read-Writer-Locks\Read-Writer-Locks.csproj", "{EA4CCE9A-1811-4EB7-A883-9B95E0FB8F9C}"
EndProject
Project("{2150E333-8FDC-42A3-9474-1A3956D46DE8}") = "Section3", "Section3", "{CB642656-964F-49C7-A7E8-481E89A603EB}"
	ProjectSection(SolutionItems) = preProject
		TextFile1.txt = TextFile1.txt
	EndProjectSection
EndProject
Project("{FAE04EC0-301F-11D3-BF4B-00C04F79EFBC}") = "ConcurrentDictionary", "ConcurrentDictionary\ConcurrentDictionary.csproj", "{BA4BD481-4E69-4EB1-97F0-57A3BBB9202C}"
EndProject
Project("{FAE04EC0-301F-11D3-BF4B-00C04F79EFBC}") = "Producer-Concumer-Pattern", "Producer-Concumer-Pattern\Producer-Concumer-Pattern.csproj", "{CDEAA04A-39CE-4A0C-B58E-D61295AC7F4A}"
EndProject
Project("{2150E333-8FDC-42A3-9474-1A3956D46DE8}") = "Section_TaskCoordination", "Section_TaskCoordination", "{849E2CC7-D6A2-4119-8E97-94F4B114B58D}"
EndProject
Global
	GlobalSection(SolutionConfigurationPlatforms) = preSolution
		Debug|Any CPU = Debug|Any CPU
		Release|Any CPU = Release|Any CPU
	EndGlobalSection
	GlobalSection(ProjectConfigurationPlatforms) = postSolution
		{95F41215-83B2-4B31-9AF4-B211C32E5C28}.Debug|Any CPU.ActiveCfg = Debug|Any CPU
		{95F41215-83B2-4B31-9AF4-B211C32E5C28}.Debug|Any CPU.Build.0 = Debug|Any CPU
		{95F41215-83B2-4B31-9AF4-B211C32E5C28}.Release|Any CPU.ActiveCfg = Release|Any CPU
		{95F41215-83B2-4B31-9AF4-B211C32E5C28}.Release|Any CPU.Build.0 = Release|Any CPU
		{BF18758A-83E4-46DD-A855-0EA1C974ED3D}.Debug|Any CPU.ActiveCfg = Debug|Any CPU
		{BF18758A-83E4-46DD-A855-0EA1C974ED3D}.Debug|Any CPU.Build.0 = Debug|Any CPU
		{BF18758A-83E4-46DD-A855-0EA1C974ED3D}.Release|Any CPU.ActiveCfg = Release|Any CPU
		{BF18758A-83E4-46DD-A855-0EA1C974ED3D}.Release|Any CPU.Build.0 = Release|Any CPU
		{40324F26-03ED-4ED6-9E49-6DE244FE5CE5}.Debug|Any CPU.ActiveCfg = Debug|Any CPU
		{40324F26-03ED-4ED6-9E49-6DE244FE5CE5}.Debug|Any CPU.Build.0 = Debug|Any CPU
		{40324F26-03ED-4ED6-9E49-6DE244FE5CE5}.Release|Any CPU.ActiveCfg = Release|Any CPU
		{40324F26-03ED-4ED6-9E49-6DE244FE5CE5}.Release|Any CPU.Build.0 = Release|Any CPU
		{AF135F1D-2246-40B5-9736-91976CFD1D14}.Debug|Any CPU.ActiveCfg = Debug|Any CPU
		{AF135F1D-2246-40B5-9736-91976CFD1D14}.Debug|Any CPU.Build.0 = Debug|Any CPU
		{AF135F1D-2246-40B5-9736-91976CFD1D14}.Release|Any CPU.ActiveCfg = Release|Any CPU
		{AF135F1D-2246-40B5-9736-91976CFD1D14}.Release|Any CPU.Build.0 = Release|Any CPU
		{EAA7057F-843E-4E0C-898C-2E02B6D166E8}.Debug|Any CPU.ActiveCfg = Debug|Any CPU
		{EAA7057F-843E-4E0C-898C-2E02B6D166E8}.Debug|Any CPU.Build.0 = Debug|Any CPU
		{EAA7057F-843E-4E0C-898C-2E02B6D166E8}.Release|Any CPU.ActiveCfg = Release|Any CPU
		{EAA7057F-843E-4E0C-898C-2E02B6D166E8}.Release|Any CPU.Build.0 = Release|Any CPU
		{75B8B263-206A-4B55-83D3-781559FCAC5E}.Debug|Any CPU.ActiveCfg = Debug|Any CPU
		{75B8B263-206A-4B55-83D3-781559FCAC5E}.Debug|Any CPU.Build.0 = Debug|Any CPU
		{75B8B263-206A-4B55-83D3-781559FCAC5E}.Release|Any CPU.ActiveCfg = Release|Any CPU
		{75B8B263-206A-4B55-83D3-781559FCAC5E}.Release|Any CPU.Build.0 = Release|Any CPU
		{AE6D217B-1CF9-4BD2-83AE-3EB1C182082D}.Debug|Any CPU.ActiveCfg = Debug|Any CPU
		{AE6D217B-1CF9-4BD2-83AE-3EB1C182082D}.Debug|Any CPU.Build.0 = Debug|Any CPU
		{AE6D217B-1CF9-4BD2-83AE-3EB1C182082D}.Release|Any CPU.ActiveCfg = Release|Any CPU
		{AE6D217B-1CF9-4BD2-83AE-3EB1C182082D}.Release|Any CPU.Build.0 = Release|Any CPU
		{E9611553-33F7-46A0-A251-CAAF8596C30A}.Debug|Any CPU.ActiveCfg = Debug|Any CPU
		{E9611553-33F7-46A0-A251-CAAF8596C30A}.Debug|Any CPU.Build.0 = Debug|Any CPU
		{E9611553-33F7-46A0-A251-CAAF8596C30A}.Release|Any CPU.ActiveCfg = Release|Any CPU
		{E9611553-33F7-46A0-A251-CAAF8596C30A}.Release|Any CPU.Build.0 = Release|Any CPU
		{4AD926A8-3839-4274-9C08-57CA8BA71835}.Debug|Any CPU.ActiveCfg = Debug|Any CPU
		{4AD926A8-3839-4274-9C08-57CA8BA71835}.Debug|Any CPU.Build.0 = Debug|Any CPU
		{4AD926A8-3839-4274-9C08-57CA8BA71835}.Release|Any CPU.ActiveCfg = Release|Any CPU
		{4AD926A8-3839-4274-9C08-57CA8BA71835}.Release|Any CPU.Build.0 = Release|Any CPU
		{72C877C4-12D3-44BA-8616-57D58DC9DD66}.Debug|Any CPU.ActiveCfg = Debug|Any CPU
		{72C877C4-12D3-44BA-8616-57D58DC9DD66}.Debug|Any CPU.Build.0 = Debug|Any CPU
		{72C877C4-12D3-44BA-8616-57D58DC9DD66}.Release|Any CPU.ActiveCfg = Release|Any CPU
		{72C877C4-12D3-44BA-8616-57D58DC9DD66}.Release|Any CPU.Build.0 = Release|Any CPU
		{C8A71BCB-91D9-4564-A8C3-F86B40E14882}.Debug|Any CPU.ActiveCfg = Debug|Any CPU
		{C8A71BCB-91D9-4564-A8C3-F86B40E14882}.Debug|Any CPU.Build.0 = Debug|Any CPU
		{C8A71BCB-91D9-4564-A8C3-F86B40E14882}.Release|Any CPU.ActiveCfg = Release|Any CPU
		{C8A71BCB-91D9-4564-A8C3-F86B40E14882}.Release|Any CPU.Build.0 = Release|Any CPU
		{EA4CCE9A-1811-4EB7-A883-9B95E0FB8F9C}.Debug|Any CPU.ActiveCfg = Debug|Any CPU
		{EA4CCE9A-1811-4EB7-A883-9B95E0FB8F9C}.Debug|Any CPU.Build.0 = Debug|Any CPU
		{EA4CCE9A-1811-4EB7-A883-9B95E0FB8F9C}.Release|Any CPU.ActiveCfg = Release|Any CPU
		{EA4CCE9A-1811-4EB7-A883-9B95E0FB8F9C}.Release|Any CPU.Build.0 = Release|Any CPU
		{BA4BD481-4E69-4EB1-97F0-57A3BBB9202C}.Debug|Any CPU.ActiveCfg = Debug|Any CPU
		{BA4BD481-4E69-4EB1-97F0-57A3BBB9202C}.Debug|Any CPU.Build.0 = Debug|Any CPU
		{BA4BD481-4E69-4EB1-97F0-57A3BBB9202C}.Release|Any CPU.ActiveCfg = Release|Any CPU
		{BA4BD481-4E69-4EB1-97F0-57A3BBB9202C}.Release|Any CPU.Build.0 = Release|Any CPU
		{CDEAA04A-39CE-4A0C-B58E-D61295AC7F4A}.Debug|Any CPU.ActiveCfg = Debug|Any CPU
		{CDEAA04A-39CE-4A0C-B58E-D61295AC7F4A}.Debug|Any CPU.Build.0 = Debug|Any CPU
		{CDEAA04A-39CE-4A0C-B58E-D61295AC7F4A}.Release|Any CPU.ActiveCfg = Release|Any CPU
		{CDEAA04A-39CE-4A0C-B58E-D61295AC7F4A}.Release|Any CPU.Build.0 = Release|Any CPU
	EndGlobalSection
	GlobalSection(SolutionProperties) = preSolution
		HideSolutionNode = FALSE
	EndGlobalSection
	GlobalSection(NestedProjects) = preSolution
		{95F41215-83B2-4B31-9AF4-B211C32E5C28} = {5C88C40A-6A6B-46DD-9B7F-6C90EC5B201B}
		{BF18758A-83E4-46DD-A855-0EA1C974ED3D} = {5C88C40A-6A6B-46DD-9B7F-6C90EC5B201B}
		{40324F26-03ED-4ED6-9E49-6DE244FE5CE5} = {5C88C40A-6A6B-46DD-9B7F-6C90EC5B201B}
		{AF135F1D-2246-40B5-9736-91976CFD1D14} = {5C88C40A-6A6B-46DD-9B7F-6C90EC5B201B}
		{EAA7057F-843E-4E0C-898C-2E02B6D166E8} = {5C88C40A-6A6B-46DD-9B7F-6C90EC5B201B}
		{BB8B900A-EDA6-4086-9AA3-822103D5D875} = {5C88C40A-6A6B-46DD-9B7F-6C90EC5B201B}
		{75B8B263-206A-4B55-83D3-781559FCAC5E} = {638DC4BE-7C97-44CA-A655-F37A0932D19A}
		{AE6D217B-1CF9-4BD2-83AE-3EB1C182082D} = {638DC4BE-7C97-44CA-A655-F37A0932D19A}
		{E9611553-33F7-46A0-A251-CAAF8596C30A} = {638DC4BE-7C97-44CA-A655-F37A0932D19A}
		{4AD926A8-3839-4274-9C08-57CA8BA71835} = {638DC4BE-7C97-44CA-A655-F37A0932D19A}
		{72C877C4-12D3-44BA-8616-57D58DC9DD66} = {638DC4BE-7C97-44CA-A655-F37A0932D19A}
		{C8A71BCB-91D9-4564-A8C3-F86B40E14882} = {638DC4BE-7C97-44CA-A655-F37A0932D19A}
		{EA4CCE9A-1811-4EB7-A883-9B95E0FB8F9C} = {638DC4BE-7C97-44CA-A655-F37A0932D19A}
		{BA4BD481-4E69-4EB1-97F0-57A3BBB9202C} = {CB642656-964F-49C7-A7E8-481E89A603EB}
		{CDEAA04A-39CE-4A0C-B58E-D61295AC7F4A} = {CB642656-964F-49C7-A7E8-481E89A603EB}
	EndGlobalSection
	GlobalSection(ExtensibilityGlobals) = postSolution
		SolutionGuid = {88AA1F38-A3C0-472B-9983-774E9CA19F15}
	EndGlobalSection
EndGlobal
