
Microsoft Visual Studio Solution File, Format Version 12.00
# Visual Studio Version 17
VisualStudioVersion = 17.5.33502.453
MinimumVisualStudioVersion = 10.0.40219.1
Project("{9A19103F-16F7-4668-BE54-9A1E7A4F7556}") = "LearnParallelProgrammingwithC#and.NETUdemy1", "LearnParallelProgrammingwithC#and.NETUdemy1\LearnParallelProgrammingwithC#and.NETUdemy1.csproj", "{95F41215-83B2-4B31-9AF4-B211C32E5C28}"
EndProject
Project("{9A19103F-16F7-4668-BE54-9A1E7A4F7556}") = "CancellingTask", "ConcellingTask\CancellingTask.csproj", "{BF18758A-83E4-46DD-A855-0EA1C974ED3D}"
EndProject
Project("{9A19103F-16F7-4668-BE54-9A1E7A4F7556}") = "WaitingForTimeToPass", "WaitingForTimeToPass\WaitingForTimeToPass.csproj", "{40324F26-03ED-4ED6-9E49-6DE244FE5CE5}"
EndProject
Project("{9A19103F-16F7-4668-BE54-9A1E7A4F7556}") = "WaitingForTasks", "WaitingForTasks\WaitingForTasks.csproj", "{AF135F1D-2246-40B5-9736-91976CFD1D14}"
EndProject
Project("{9A19103F-16F7-4668-BE54-9A1E7A4F7556}") = "ExceptionHandling", "ExceptionHandling\ExceptionHandling.csproj", "{EAA7057F-843E-4E0C-898C-2E02B6D166E8}"
EndProject
Project("{2150E333-8FDC-42A3-9474-1A3956D46DE8}") = "Solution Items", "Solution Items", "{BB8B900A-EDA6-4086-9AA3-822103D5D875}"
	ProjectSection(SolutionItems) = preProject
		SummaryTaskProgramming.txt = SummaryTaskProgramming.txt
	EndProjectSection
EndProject
Project("{2150E333-8FDC-42A3-9474-1A3956D46DE8}") = "Section1", "Section1", "{5C88C40A-6A6B-46DD-9B7F-6C90EC5B201B}"
EndProject
Global
	GlobalSection(SolutionConfigurationPlatforms) = preSolution
		Debug|Any CPU = Debug|Any CPU
		Release|Any CPU = Release|Any CPU
	EndGlobalSection
	GlobalSection(ProjectConfigurationPlatforms) = postSolution
		{95F41215-83B2-4B31-9AF4-B211C32E5C28}.Debug|Any CPU.ActiveCfg = Debug|Any CPU
		{95F41215-83B2-4B31-9AF4-B211C32E5C28}.Debug|Any CPU.Build.0 = Debug|Any CPU
		{95F41215-83B2-4B31-9AF4-B211C32E5C28}.Release|Any CPU.ActiveCfg = Release|Any CPU
		{95F41215-83B2-4B31-9AF4-B211C32E5C28}.Release|Any CPU.Build.0 = Release|Any CPU
		{BF18758A-83E4-46DD-A855-0EA1C974ED3D}.Debug|Any CPU.ActiveCfg = Debug|Any CPU
		{BF18758A-83E4-46DD-A855-0EA1C974ED3D}.Debug|Any CPU.Build.0 = Debug|Any CPU
		{BF18758A-83E4-46DD-A855-0EA1C974ED3D}.Release|Any CPU.ActiveCfg = Release|Any CPU
		{BF18758A-83E4-46DD-A855-0EA1C974ED3D}.Release|Any CPU.Build.0 = Release|Any CPU
		{40324F26-03ED-4ED6-9E49-6DE244FE5CE5}.Debug|Any CPU.ActiveCfg = Debug|Any CPU
		{40324F26-03ED-4ED6-9E49-6DE244FE5CE5}.Debug|Any CPU.Build.0 = Debug|Any CPU
		{40324F26-03ED-4ED6-9E49-6DE244FE5CE5}.Release|Any CPU.ActiveCfg = Release|Any CPU
		{40324F26-03ED-4ED6-9E49-6DE244FE5CE5}.Release|Any CPU.Build.0 = Release|Any CPU
		{AF135F1D-2246-40B5-9736-91976CFD1D14}.Debug|Any CPU.ActiveCfg = Debug|Any CPU
		{AF135F1D-2246-40B5-9736-91976CFD1D14}.Debug|Any CPU.Build.0 = Debug|Any CPU
		{AF135F1D-2246-40B5-9736-91976CFD1D14}.Release|Any CPU.ActiveCfg = Release|Any CPU
		{AF135F1D-2246-40B5-9736-91976CFD1D14}.Release|Any CPU.Build.0 = Release|Any CPU
		{EAA7057F-843E-4E0C-898C-2E02B6D166E8}.Debug|Any CPU.ActiveCfg = Debug|Any CPU
		{EAA7057F-843E-4E0C-898C-2E02B6D166E8}.Debug|Any CPU.Build.0 = Debug|Any CPU
		{EAA7057F-843E-4E0C-898C-2E02B6D166E8}.Release|Any CPU.ActiveCfg = Release|Any CPU
		{EAA7057F-843E-4E0C-898C-2E02B6D166E8}.Release|Any CPU.Build.0 = Release|Any CPU
	EndGlobalSection
	GlobalSection(SolutionProperties) = preSolution
		HideSolutionNode = FALSE
	EndGlobalSection
	GlobalSection(NestedProjects) = preSolution
		{95F41215-83B2-4B31-9AF4-B211C32E5C28} = {5C88C40A-6A6B-46DD-9B7F-6C90EC5B201B}
		{BF18758A-83E4-46DD-A855-0EA1C974ED3D} = {5C88C40A-6A6B-46DD-9B7F-6C90EC5B201B}
		{40324F26-03ED-4ED6-9E49-6DE244FE5CE5} = {5C88C40A-6A6B-46DD-9B7F-6C90EC5B201B}
		{AF135F1D-2246-40B5-9736-91976CFD1D14} = {5C88C40A-6A6B-46DD-9B7F-6C90EC5B201B}
		{EAA7057F-843E-4E0C-898C-2E02B6D166E8} = {5C88C40A-6A6B-46DD-9B7F-6C90EC5B201B}
		{BB8B900A-EDA6-4086-9AA3-822103D5D875} = {5C88C40A-6A6B-46DD-9B7F-6C90EC5B201B}
	EndGlobalSection
	GlobalSection(ExtensibilityGlobals) = postSolution
		SolutionGuid = {88AA1F38-A3C0-472B-9983-774E9CA19F15}
	EndGlobalSection
EndGlobal
